// !$*UTF8*$!
{
	archiveVersion = 1;
	classes = {
	};
	objectVersion = 50;
	objects = {

/* Begin PBXBuildFile section */
		2ACD142A248EAE2F001DC143 /* AppDelegate.swift in Sources */ = {isa = PBXBuildFile; fileRef = 2ACD1429248EAE2F001DC143 /* AppDelegate.swift */; };
		2ACD142C248EAE2F001DC143 /* SceneDelegate.swift in Sources */ = {isa = PBXBuildFile; fileRef = 2ACD142B248EAE2F001DC143 /* SceneDelegate.swift */; };
		2ACD142E248EAE2F001DC143 /* ContentView.swift in Sources */ = {isa = PBXBuildFile; fileRef = 2ACD142D248EAE2F001DC143 /* ContentView.swift */; };
		2ACD1430248EAE30001DC143 /* Assets.xcassets in Resources */ = {isa = PBXBuildFile; fileRef = 2ACD142F248EAE30001DC143 /* Assets.xcassets */; };
		2ACD1433248EAE30001DC143 /* Preview Assets.xcassets in Resources */ = {isa = PBXBuildFile; fileRef = 2ACD1432248EAE30001DC143 /* Preview Assets.xcassets */; };
		2ACD1436248EAE30001DC143 /* LaunchScreen.storyboard in Resources */ = {isa = PBXBuildFile; fileRef = 2ACD1434248EAE30001DC143 /* LaunchScreen.storyboard */; };
		2ACD143F248EB3A6001DC143 /* Game.swift in Sources */ = {isa = PBXBuildFile; fileRef = 2ACD143E248EB3A6001DC143 /* Game.swift */; };
		2ACD1442248EB3CE001DC143 /* Magic15.swift in Sources */ = {isa = PBXBuildFile; fileRef = 2ACD1441248EB3CE001DC143 /* Magic15.swift */; };
		2ACD1445248EC9FF001DC143 /* Matrix.swift in Sources */ = {isa = PBXBuildFile; fileRef = 2ACD1444248EC9FF001DC143 /* Matrix.swift */; };
		2ACD1447248ECC95001DC143 /* Preview Tweaks.swift in Sources */ = {isa = PBXBuildFile; fileRef = 2ACD1446248ECC95001DC143 /* Preview Tweaks.swift */; };
/* End PBXBuildFile section */

/* Begin PBXFileReference section */
		2ACD1426248EAE2F001DC143 /* Magic15Game.app */ = {isa = PBXFileReference; explicitFileType = wrapper.application; includeInIndex = 0; path = Magic15Game.app; sourceTree = BUILT_PRODUCTS_DIR; };
		2ACD1429248EAE2F001DC143 /* AppDelegate.swift */ = {isa = PBXFileReference; lastKnownFileType = sourcecode.swift; path = AppDelegate.swift; sourceTree = "<group>"; };
		2ACD142B248EAE2F001DC143 /* SceneDelegate.swift */ = {isa = PBXFileReference; lastKnownFileType = sourcecode.swift; path = SceneDelegate.swift; sourceTree = "<group>"; };
		2ACD142D248EAE2F001DC143 /* ContentView.swift */ = {isa = PBXFileReference; lastKnownFileType = sourcecode.swift; path = ContentView.swift; sourceTree = "<group>"; };
		2ACD142F248EAE30001DC143 /* Assets.xcassets */ = {isa = PBXFileReference; lastKnownFileType = folder.assetcatalog; path = Assets.xcassets; sourceTree = "<group>"; };
		2ACD1432248EAE30001DC143 /* Preview Assets.xcassets */ = {isa = PBXFileReference; lastKnownFileType = folder.assetcatalog; path = "Preview Assets.xcassets"; sourceTree = "<group>"; };
		2ACD1435248EAE30001DC143 /* Base */ = {isa = PBXFileReference; lastKnownFileType = file.storyboard; name = Base; path = Base.lproj/LaunchScreen.storyboard; sourceTree = "<group>"; };
		2ACD1437248EAE30001DC143 /* Info.plist */ = {isa = PBXFileReference; lastKnownFileType = text.plist.xml; path = Info.plist; sourceTree = "<group>"; };
		2ACD143E248EB3A6001DC143 /* Game.swift */ = {isa = PBXFileReference; lastKnownFileType = sourcecode.swift; path = Game.swift; sourceTree = "<group>"; };
		2ACD1441248EB3CE001DC143 /* Magic15.swift */ = {isa = PBXFileReference; lastKnownFileType = sourcecode.swift; path = Magic15.swift; sourceTree = "<group>"; };
		2ACD1444248EC9FF001DC143 /* Matrix.swift */ = {isa = PBXFileReference; lastKnownFileType = sourcecode.swift; path = Matrix.swift; sourceTree = "<group>"; };
		2ACD1446248ECC95001DC143 /* Preview Tweaks.swift */ = {isa = PBXFileReference; lastKnownFileType = sourcecode.swift; path = "Preview Tweaks.swift"; sourceTree = "<group>"; };
/* End PBXFileReference section */

/* Begin PBXFrameworksBuildPhase section */
		2ACD1423248EAE2F001DC143 /* Frameworks */ = {
			isa = PBXFrameworksBuildPhase;
			buildActionMask = 2147483647;
			files = (
			);
			runOnlyForDeploymentPostprocessing = 0;
		};
/* End PBXFrameworksBuildPhase section */

/* Begin PBXGroup section */
		2ACD141D248EAE2F001DC143 = {
			isa = PBXGroup;
			children = (
				2ACD1428248EAE2F001DC143 /* Magic15Game */,
				2ACD1427248EAE2F001DC143 /* Products */,
			);
			sourceTree = "<group>";
		};
		2ACD1427248EAE2F001DC143 /* Products */ = {
			isa = PBXGroup;
			children = (
				2ACD1426248EAE2F001DC143 /* Magic15Game.app */,
			);
			name = Products;
			sourceTree = "<group>";
		};
		2ACD1428248EAE2F001DC143 /* Magic15Game */ = {
			isa = PBXGroup;
			children = (
				2ACD1429248EAE2F001DC143 /* AppDelegate.swift */,
				2ACD142B248EAE2F001DC143 /* SceneDelegate.swift */,
				2ACD1448248ECCA0001DC143 /* Preview Tweaks */,
				2ACD143D248EB393001DC143 /* View */,
				2ACD1443248EB3D2001DC143 /* Model View */,
				2ACD1440248EB3AB001DC143 /* Model */,
				2ACD142F248EAE30001DC143 /* Assets.xcassets */,
				2ACD1434248EAE30001DC143 /* LaunchScreen.storyboard */,
				2ACD1437248EAE30001DC143 /* Info.plist */,
				2ACD1431248EAE30001DC143 /* Preview Content */,
			);
			path = Magic15Game;
			sourceTree = "<group>";
		};
		2ACD1431248EAE30001DC143 /* Preview Content */ = {
			isa = PBXGroup;
			children = (
				2ACD1432248EAE30001DC143 /* Preview Assets.xcassets */,
			);
			path = "Preview Content";
			sourceTree = "<group>";
		};
		2ACD143D248EB393001DC143 /* View */ = {
			isa = PBXGroup;
			children = (
				2ACD142D248EAE2F001DC143 /* ContentView.swift */,
			);
			path = View;
			sourceTree = "<group>";
		};
		2ACD1440248EB3AB001DC143 /* Model */ = {
			isa = PBXGroup;
			children = (
				2ACD143E248EB3A6001DC143 /* Game.swift */,
				2ACD1444248EC9FF001DC143 /* Matrix.swift */,
			);
			path = Model;
			sourceTree = "<group>";
		};
		2ACD1443248EB3D2001DC143 /* Model View */ = {
			isa = PBXGroup;
			children = (
				2ACD1441248EB3CE001DC143 /* Magic15.swift */,
			);
			path = "Model View";
			sourceTree = "<group>";
		};
		2ACD1448248ECCA0001DC143 /* Preview Tweaks */ = {
			isa = PBXGroup;
			children = (
				2ACD1446248ECC95001DC143 /* Preview Tweaks.swift */,
			);
			path = "Preview Tweaks";
			sourceTree = "<group>";
		};
/* End PBXGroup section */

/* Begin PBXNativeTarget section */
		2ACD1425248EAE2F001DC143 /* Magic15Game */ = {
			isa = PBXNativeTarget;
			buildConfigurationList = 2ACD143A248EAE30001DC143 /* Build configuration list for PBXNativeTarget "Magic15Game" */;
			buildPhases = (
				2ACD1422248EAE2F001DC143 /* Sources */,
				2ACD1423248EAE2F001DC143 /* Frameworks */,
				2ACD1424248EAE2F001DC143 /* Resources */,
			);
			buildRules = (
			);
			dependencies = (
			);
			name = Magic15Game;
			productName = Magic15Game;
			productReference = 2ACD1426248EAE2F001DC143 /* Magic15Game.app */;
			productType = "com.apple.product-type.application";
		};
/* End PBXNativeTarget section */

/* Begin PBXProject section */
		2ACD141E248EAE2F001DC143 /* Project object */ = {
			isa = PBXProject;
			attributes = {
				LastSwiftUpdateCheck = 1150;
				LastUpgradeCheck = 1150;
				ORGANIZATIONNAME = "Igor Malyarov";
				TargetAttributes = {
					2ACD1425248EAE2F001DC143 = {
						CreatedOnToolsVersion = 11.5;
					};
				};
			};
			buildConfigurationList = 2ACD1421248EAE2F001DC143 /* Build configuration list for PBXProject "Magic15Game" */;
			compatibilityVersion = "Xcode 9.3";
			developmentRegion = en;
			hasScannedForEncodings = 0;
			knownRegions = (
				en,
				Base,
			);
			mainGroup = 2ACD141D248EAE2F001DC143;
			productRefGroup = 2ACD1427248EAE2F001DC143 /* Products */;
			projectDirPath = "";
			projectRoot = "";
			targets = (
				2ACD1425248EAE2F001DC143 /* Magic15Game */,
			);
		};
/* End PBXProject section */

/* Begin PBXResourcesBuildPhase section */
		2ACD1424248EAE2F001DC143 /* Resources */ = {
			isa = PBXResourcesBuildPhase;
			buildActionMask = 2147483647;
			files = (
				2ACD1436248EAE30001DC143 /* LaunchScreen.storyboard in Resources */,
				2ACD1433248EAE30001DC143 /* Preview Assets.xcassets in Resources */,
				2ACD1430248EAE30001DC143 /* Assets.xcassets in Resources */,
			);
			runOnlyForDeploymentPostprocessing = 0;
		};
/* End PBXResourcesBuildPhase section */

/* Begin PBXSourcesBuildPhase section */
		2ACD1422248EAE2F001DC143 /* Sources */ = {
			isa = PBXSourcesBuildPhase;
			buildActionMask = 2147483647;
			files = (
				2ACD142A248EAE2F001DC143 /* AppDelegate.swift in Sources */,
				2ACD142C248EAE2F001DC143 /* SceneDelegate.swift in Sources */,
				2ACD1445248EC9FF001DC143 /* Matrix.swift in Sources */,
				2ACD1447248ECC95001DC143 /* Preview Tweaks.swift in Sources */,
				2ACD142E248EAE2F001DC143 /* ContentView.swift in Sources */,
				2ACD1442248EB3CE001DC143 /* Magic15.swift in Sources */,
				2ACD143F248EB3A6001DC143 /* Game.swift in Sources */,
			);
			runOnlyForDeploymentPostprocessing = 0;
		};
/* End PBXSourcesBuildPhase section */

/* Begin PBXVariantGroup section */
		2ACD1434248EAE30001DC143 /* LaunchScreen.storyboard */ = {
			isa = PBXVariantGroup;
			children = (
				2ACD1435248EAE30001DC143 /* Base */,
			);
			name = LaunchScreen.storyboard;
			sourceTree = "<group>";
		};
/* End PBXVariantGroup section */

/* Begin XCBuildConfiguration section */
		2ACD1438248EAE30001DC143 /* Debug */ = {
			isa = XCBuildConfiguration;
			buildSettings = {
				ALWAYS_SEARCH_USER_PATHS = NO;
				CLANG_ANALYZER_NONNULL = YES;
				CLANG_ANALYZER_NUMBER_OBJECT_CONVERSION = YES_AGGRESSIVE;
				CLANG_CXX_LANGUAGE_STANDARD = "gnu++14";
				CLANG_CXX_LIBRARY = "libc++";
				CLANG_ENABLE_MODULES = YES;
				CLANG_ENABLE_OBJC_ARC = YES;
				CLANG_ENABLE_OBJC_WEAK = YES;
				CLANG_WARN_BLOCK_CAPTURE_AUTORELEASING = YES;
				CLANG_WARN_BOOL_CONVERSION = YES;
				CLANG_WARN_COMMA = YES;
				CLANG_WARN_CONSTANT_CONVERSION = YES;
				CLANG_WARN_DEPRECATED_OBJC_IMPLEMENTATIONS = YES;
				CLANG_WARN_DIRECT_OBJC_ISA_USAGE = YES_ERROR;
				CLANG_WARN_DOCUMENTATION_COMMENTS = YES;
				CLANG_WARN_EMPTY_BODY = YES;
				CLANG_WARN_ENUM_CONVERSION = YES;
				CLANG_WARN_INFINITE_RECURSION = YES;
				CLANG_WARN_INT_CONVERSION = YES;
				CLANG_WARN_NON_LITERAL_NULL_CONVERSION = YES;
				CLANG_WARN_OBJC_IMPLICIT_RETAIN_SELF = YES;
				CLANG_WARN_OBJC_LITERAL_CONVERSION = YES;
				CLANG_WARN_OBJC_ROOT_CLASS = YES_ERROR;
				CLANG_WARN_RANGE_LOOP_ANALYSIS = YES;
				CLANG_WARN_STRICT_PROTOTYPES = YES;
				CLANG_WARN_SUSPICIOUS_MOVE = YES;
				CLANG_WARN_UNGUARDED_AVAILABILITY = YES_AGGRESSIVE;
				CLANG_WARN_UNREACHABLE_CODE = YES;
				CLANG_WARN__DUPLICATE_METHOD_MATCH = YES;
				COPY_PHASE_STRIP = NO;
				DEBUG_INFORMATION_FORMAT = dwarf;
				ENABLE_STRICT_OBJC_MSGSEND = YES;
				ENABLE_TESTABILITY = YES;
				GCC_C_LANGUAGE_STANDARD = gnu11;
				GCC_DYNAMIC_NO_PIC = NO;
				GCC_NO_COMMON_BLOCKS = YES;
				GCC_OPTIMIZATION_LEVEL = 0;
				GCC_PREPROCESSOR_DEFINITIONS = (
					"DEBUG=1",
					"$(inherited)",
				);
				GCC_WARN_64_TO_32_BIT_CONVERSION = YES;
				GCC_WARN_ABOUT_RETURN_TYPE = YES_ERROR;
				GCC_WARN_UNDECLARED_SELECTOR = YES;
				GCC_WARN_UNINITIALIZED_AUTOS = YES_AGGRESSIVE;
				GCC_WARN_UNUSED_FUNCTION = YES;
				GCC_WARN_UNUSED_VARIABLE = YES;
				IPHONEOS_DEPLOYMENT_TARGET = 13.5;
				MTL_ENABLE_DEBUG_INFO = INCLUDE_SOURCE;
				MTL_FAST_MATH = YES;
				ONLY_ACTIVE_ARCH = YES;
				SDKROOT = iphoneos;
				SWIFT_ACTIVE_COMPILATION_CONDITIONS = DEBUG;
				SWIFT_OPTIMIZATION_LEVEL = "-Onone";
			};
			name = Debug;
		};
		2ACD1439248EAE30001DC143 /* Release */ = {
			isa = XCBuildConfiguration;
			buildSettings = {
				ALWAYS_SEARCH_USER_PATHS = NO;
				CLANG_ANALYZER_NONNULL = YES;
				CLANG_ANALYZER_NUMBER_OBJECT_CONVERSION = YES_AGGRESSIVE;
				CLANG_CXX_LANGUAGE_STANDARD = "gnu++14";
				CLANG_CXX_LIBRARY = "libc++";
				CLANG_ENABLE_MODULES = YES;
				CLANG_ENABLE_OBJC_ARC = YES;
				CLANG_ENABLE_OBJC_WEAK = YES;
				CLANG_WARN_BLOCK_CAPTURE_AUTORELEASING = YES;
				CLANG_WARN_BOOL_CONVERSION = YES;
				CLANG_WARN_COMMA = YES;
				CLANG_WARN_CONSTANT_CONVERSION = YES;
				CLANG_WARN_DEPRECATED_OBJC_IMPLEMENTATIONS = YES;
				CLANG_WARN_DIRECT_OBJC_ISA_USAGE = YES_ERROR;
				CLANG_WARN_DOCUMENTATION_COMMENTS = YES;
				CLANG_WARN_EMPTY_BODY = YES;
				CLANG_WARN_ENUM_CONVERSION = YES;
				CLANG_WARN_INFINITE_RECURSION = YES;
				CLANG_WARN_INT_CONVERSION = YES;
				CLANG_WARN_NON_LITERAL_NULL_CONVERSION = YES;
				CLANG_WARN_OBJC_IMPLICIT_RETAIN_SELF = YES;
				CLANG_WARN_OBJC_LITERAL_CONVERSION = YES;
				CLANG_WARN_OBJC_ROOT_CLASS = YES_ERROR;
				CLANG_WARN_RANGE_LOOP_ANALYSIS = YES;
				CLANG_WARN_STRICT_PROTOTYPES = YES;
				CLANG_WARN_SUSPICIOUS_MOVE = YES;
				CLANG_WARN_UNGUARDED_AVAILABILITY = YES_AGGRESSIVE;
				CLANG_WARN_UNREACHABLE_CODE = YES;
				CLANG_WARN__DUPLICATE_METHOD_MATCH = YES;
				COPY_PHASE_STRIP = NO;
				DEBUG_INFORMATION_FORMAT = "dwarf-with-dsym";
				ENABLE_NS_ASSERTIONS = NO;
				ENABLE_STRICT_OBJC_MSGSEND = YES;
				GCC_C_LANGUAGE_STANDARD = gnu11;
				GCC_NO_COMMON_BLOCKS = YES;
				GCC_WARN_64_TO_32_BIT_CONVERSION = YES;
				GCC_WARN_ABOUT_RETURN_TYPE = YES_ERROR;
				GCC_WARN_UNDECLARED_SELECTOR = YES;
				GCC_WARN_UNINITIALIZED_AUTOS = YES_AGGRESSIVE;
				GCC_WARN_UNUSED_FUNCTION = YES;
				GCC_WARN_UNUSED_VARIABLE = YES;
				IPHONEOS_DEPLOYMENT_TARGET = 13.5;
				MTL_ENABLE_DEBUG_INFO = NO;
				MTL_FAST_MATH = YES;
				SDKROOT = iphoneos;
				SWIFT_COMPILATION_MODE = wholemodule;
				SWIFT_OPTIMIZATION_LEVEL = "-O";
				VALIDATE_PRODUCT = YES;
			};
			name = Release;
		};
		2ACD143B248EAE30001DC143 /* Debug */ = {
			isa = XCBuildConfiguration;
			buildSettings = {
				ASSETCATALOG_COMPILER_APPICON_NAME = AppIcon;
				CODE_SIGN_STYLE = Automatic;
				DEVELOPMENT_ASSET_PATHS = "\"Magic15Game/Preview Content\"";
				DEVELOPMENT_TEAM = VRVJ9YNRQU;
				ENABLE_PREVIEWS = YES;
				INFOPLIST_FILE = Magic15Game/Info.plist;
				LD_RUNPATH_SEARCH_PATHS = (
					"$(inherited)",
					"@executable_path/Frameworks",
				);
				MARKETING_VERSION = 1.1;
				PRODUCT_BUNDLE_IDENTIFIER = com.photoigor.Magic15Game;
				PRODUCT_NAME = "$(TARGET_NAME)";
				SWIFT_VERSION = 5.0;
				TARGETED_DEVICE_FAMILY = "1,2";
			};
			name = Debug;
		};
		2ACD143C248EAE30001DC143 /* Release */ = {
			isa = XCBuildConfiguration;
			buildSettings = {
				ASSETCATALOG_COMPILER_APPICON_NAME = AppIcon;
				CODE_SIGN_STYLE = Automatic;
				DEVELOPMENT_ASSET_PATHS = "\"Magic15Game/Preview Content\"";
				DEVELOPMENT_TEAM = VRVJ9YNRQU;
				ENABLE_PREVIEWS = YES;
				INFOPLIST_FILE = Magic15Game/Info.plist;
				LD_RUNPATH_SEARCH_PATHS = (
					"$(inherited)",
					"@executable_path/Frameworks",
				);
				MARKETING_VERSION = 1.1;
				PRODUCT_BUNDLE_IDENTIFIER = com.photoigor.Magic15Game;
				PRODUCT_NAME = "$(TARGET_NAME)";
				SWIFT_VERSION = 5.0;
				TARGETED_DEVICE_FAMILY = "1,2";
			};
			name = Release;
		};
/* End XCBuildConfiguration section */

/* Begin XCConfigurationList section */
		2ACD1421248EAE2F001DC143 /* Build configuration list for PBXProject "Magic15Game" */ = {
			isa = XCConfigurationList;
			buildConfigurations = (
				2ACD1438248EAE30001DC143 /* Debug */,
				2ACD1439248EAE30001DC143 /* Release */,
			);
			defaultConfigurationIsVisible = 0;
			defaultConfigurationName = Release;
		};
		2ACD143A248EAE30001DC143 /* Build configuration list for PBXNativeTarget "Magic15Game" */ = {
			isa = XCConfigurationList;
			buildConfigurations = (
				2ACD143B248EAE30001DC143 /* Debug */,
				2ACD143C248EAE30001DC143 /* Release */,
			);
			defaultConfigurationIsVisible = 0;
			defaultConfigurationName = Release;
		};
/* End XCConfigurationList section */
	};
	rootObject = 2ACD141E248EAE2F001DC143 /* Project object */;
}
